
Microsoft Visual Studio Solution File, Format Version 12.00
# Visual Studio Version 17
VisualStudioVersion = 17.2.32630.192
MinimumVisualStudioVersion = 10.0.40219.1
Project("{FAE04EC0-301F-11D3-BF4B-00C04F79EFBC}") = "assignment_abstraction", "assignment_abstraction.csproj", "{166384C8-A770-4F61-A71D-FFB4591721AA}"
EndProject
Global
	GlobalSection(SolutionConfigurationPlatforms) = preSolution
		Debug|Any CPU = Debug|Any CPU
		Release|Any CPU = Release|Any CPU
	EndGlobalSection
	GlobalSection(ProjectConfigurationPlatforms) = postSolution
		{166384C8-A770-4F61-A71D-FFB4591721AA}.Debug|Any CPU.ActiveCfg = Debug|Any CPU
		{166384C8-A770-4F61-A71D-FFB4591721AA}.Debug|Any CPU.Build.0 = Debug|Any CPU
		{166384C8-A770-4F61-A71D-FFB4591721AA}.Release|Any CPU.ActiveCfg = Release|Any CPU
		{166384C8-A770-4F61-A71D-FFB4591721AA}.Release|Any CPU.Build.0 = Release|Any CPU
	EndGlobalSection
	GlobalSection(SolutionProperties) = preSolution
		HideSolutionNode = FALSE
	EndGlobalSection
	GlobalSection(ExtensibilityGlobals) = postSolution
		SolutionGuid = {49250722-6A9F-4CA5-958B-8F6CBB25906C}
	EndGlobalSection
EndGlobal
